
Microsoft Visual Studio Solution File, Format Version 12.00
# Visual Studio Version 16
VisualStudioVersion = 16.0.31424.327
MinimumVisualStudioVersion = 10.0.40219.1
Project("{9A19103F-16F7-4668-BE54-9A1E7A4F7556}") = "ChallengeDirmod", "ChallengeDirmod.csproj", "{4089C8BB-379C-4D56-9C85-142F0FED22A2}"
EndProject
Project("{FAE04EC0-301F-11D3-BF4B-00C04F79EFBC}") = "testSoloLetrasYEspacios", "..\testSoloLetrasYEspacios\testSoloLetrasYEspacios.csproj", "{701B84C7-2CB8-458B-AFBE-F6EC970F5C41}"
EndProject
Global
	GlobalSection(SolutionConfigurationPlatforms) = preSolution
		Debug|Any CPU = Debug|Any CPU
		Release|Any CPU = Release|Any CPU
	EndGlobalSection
	GlobalSection(ProjectConfigurationPlatforms) = postSolution
		{4089C8BB-379C-4D56-9C85-142F0FED22A2}.Debug|Any CPU.ActiveCfg = Debug|Any CPU
		{4089C8BB-379C-4D56-9C85-142F0FED22A2}.Debug|Any CPU.Build.0 = Debug|Any CPU
		{4089C8BB-379C-4D56-9C85-142F0FED22A2}.Release|Any CPU.ActiveCfg = Release|Any CPU
		{4089C8BB-379C-4D56-9C85-142F0FED22A2}.Release|Any CPU.Build.0 = Release|Any CPU
		{701B84C7-2CB8-458B-AFBE-F6EC970F5C41}.Debug|Any CPU.ActiveCfg = Debug|Any CPU
		{701B84C7-2CB8-458B-AFBE-F6EC970F5C41}.Debug|Any CPU.Build.0 = Debug|Any CPU
		{701B84C7-2CB8-458B-AFBE-F6EC970F5C41}.Release|Any CPU.ActiveCfg = Release|Any CPU
		{701B84C7-2CB8-458B-AFBE-F6EC970F5C41}.Release|Any CPU.Build.0 = Release|Any CPU
	EndGlobalSection
	GlobalSection(SolutionProperties) = preSolution
		HideSolutionNode = FALSE
	EndGlobalSection
	GlobalSection(ExtensibilityGlobals) = postSolution
		SolutionGuid = {4ACDB788-F49F-4074-8208-2AC07C49FB76}
	EndGlobalSection
EndGlobal
